
Microsoft Visual Studio Solution File, Format Version 12.00
# Visual Studio Version 16
VisualStudioVersion = 16.0.33801.447
MinimumVisualStudioVersion = 10.0.40219.1
Project("{FAE04EC0-301F-11D3-BF4B-00C04F79EFBC}") = "Demo_Event", "Demo_Event\Demo_Event.csproj", "{1DE15A95-21A2-4962-BEF9-23183694048D}"
EndProject
Global
	GlobalSection(SolutionConfigurationPlatforms) = preSolution
		Debug|Any CPU = Debug|Any CPU
		Release|Any CPU = Release|Any CPU
	EndGlobalSection
	GlobalSection(ProjectConfigurationPlatforms) = postSolution
		{1DE15A95-21A2-4962-BEF9-23183694048D}.Debug|Any CPU.ActiveCfg = Debug|Any CPU
		{1DE15A95-21A2-4962-BEF9-23183694048D}.Debug|Any CPU.Build.0 = Debug|Any CPU
		{1DE15A95-21A2-4962-BEF9-23183694048D}.Release|Any CPU.ActiveCfg = Release|Any CPU
		{1DE15A95-21A2-4962-BEF9-23183694048D}.Release|Any CPU.Build.0 = Release|Any CPU
	EndGlobalSection
	GlobalSection(SolutionProperties) = preSolution
		HideSolutionNode = FALSE
	EndGlobalSection
	GlobalSection(ExtensibilityGlobals) = postSolution
		SolutionGuid = {ACADBAE9-36A8-4CDC-9CFF-33A09CADD342}
	EndGlobalSection
EndGlobal
